
Microsoft Visual Studio Solution File, Format Version 12.00
# Visual Studio 15
VisualStudioVersion = 15.0.27703.1
MinimumVisualStudioVersion = 10.0.40219.1
Project("{FAE04EC0-301F-11D3-BF4B-00C04F79EFBC}") = "PluginProject", "PluginProject\PluginProject.csproj", "{296C4771-DF10-4877-8487-02540B41626D}"
EndProject
Project("{FAE04EC0-301F-11D3-BF4B-00C04F79EFBC}") = "PluginInterface", "PluginInterface\PluginInterface.csproj", "{42FDACA6-2C83-497F-8EE1-2A7ABE5BE1B8}"
EndProject
Project("{FAE04EC0-301F-11D3-BF4B-00C04F79EFBC}") = "TextToLower", "TextToLower\TextToLower.csproj", "{AE1A3EAC-FE3D-4CDE-A8EB-6FFE281D37C2}"
EndProject
Global
	GlobalSection(SolutionConfigurationPlatforms) = preSolution
		Debug|Any CPU = Debug|Any CPU
		Release|Any CPU = Release|Any CPU
	EndGlobalSection
	GlobalSection(ProjectConfigurationPlatforms) = postSolution
		{296C4771-DF10-4877-8487-02540B41626D}.Debug|Any CPU.ActiveCfg = Debug|Any CPU
		{296C4771-DF10-4877-8487-02540B41626D}.Debug|Any CPU.Build.0 = Debug|Any CPU
		{296C4771-DF10-4877-8487-02540B41626D}.Release|Any CPU.ActiveCfg = Release|Any CPU
		{296C4771-DF10-4877-8487-02540B41626D}.Release|Any CPU.Build.0 = Release|Any CPU
		{42FDACA6-2C83-497F-8EE1-2A7ABE5BE1B8}.Debug|Any CPU.ActiveCfg = Debug|Any CPU
		{42FDACA6-2C83-497F-8EE1-2A7ABE5BE1B8}.Debug|Any CPU.Build.0 = Debug|Any CPU
		{42FDACA6-2C83-497F-8EE1-2A7ABE5BE1B8}.Release|Any CPU.ActiveCfg = Release|Any CPU
		{42FDACA6-2C83-497F-8EE1-2A7ABE5BE1B8}.Release|Any CPU.Build.0 = Release|Any CPU
		{AE1A3EAC-FE3D-4CDE-A8EB-6FFE281D37C2}.Debug|Any CPU.ActiveCfg = Debug|Any CPU
		{AE1A3EAC-FE3D-4CDE-A8EB-6FFE281D37C2}.Debug|Any CPU.Build.0 = Debug|Any CPU
		{AE1A3EAC-FE3D-4CDE-A8EB-6FFE281D37C2}.Release|Any CPU.ActiveCfg = Release|Any CPU
		{AE1A3EAC-FE3D-4CDE-A8EB-6FFE281D37C2}.Release|Any CPU.Build.0 = Release|Any CPU
	EndGlobalSection
	GlobalSection(SolutionProperties) = preSolution
		HideSolutionNode = FALSE
	EndGlobalSection
	GlobalSection(ExtensibilityGlobals) = postSolution
		SolutionGuid = {3FE964A4-6016-4A17-9C97-35CF064C6562}
	EndGlobalSection
EndGlobal
