
Microsoft Visual Studio Solution File, Format Version 12.00
# Visual Studio 15
VisualStudioVersion = 15.0.27703.1
MinimumVisualStudioVersion = 10.0.40219.1
Project("{FAE04EC0-301F-11D3-BF4B-00C04F79EFBC}") = "PluginProject", "PluginProject\PluginProject.csproj", "{296C4771-DF10-4877-8487-02540B41626D}"
EndProject
Project("{FAE04EC0-301F-11D3-BF4B-00C04F79EFBC}") = "SearchPluginInterface", "SearchPluginInterface\SearchPluginInterface.csproj", "{76DD1B00-3D21-4624-81A7-48322B52BFC0}"
EndProject
Project("{FAE04EC0-301F-11D3-BF4B-00C04F79EFBC}") = "SearcheByID", "SearcheByID\SearcheByID.csproj", "{8882DF9E-4737-4D30-A83E-1A1AA7DB98B8}"
EndProject
Project("{FAE04EC0-301F-11D3-BF4B-00C04F79EFBC}") = "DBConnect", "DBConnect\DBConnect.csproj", "{895219CA-7950-46C8-85E0-F476E6D5014B}"
EndProject
Global
	GlobalSection(SolutionConfigurationPlatforms) = preSolution
		Debug|Any CPU = Debug|Any CPU
		Release|Any CPU = Release|Any CPU
	EndGlobalSection
	GlobalSection(ProjectConfigurationPlatforms) = postSolution
		{296C4771-DF10-4877-8487-02540B41626D}.Debug|Any CPU.ActiveCfg = Debug|Any CPU
		{296C4771-DF10-4877-8487-02540B41626D}.Debug|Any CPU.Build.0 = Debug|Any CPU
		{296C4771-DF10-4877-8487-02540B41626D}.Release|Any CPU.ActiveCfg = Release|Any CPU
		{296C4771-DF10-4877-8487-02540B41626D}.Release|Any CPU.Build.0 = Release|Any CPU
		{76DD1B00-3D21-4624-81A7-48322B52BFC0}.Debug|Any CPU.ActiveCfg = Debug|Any CPU
		{76DD1B00-3D21-4624-81A7-48322B52BFC0}.Debug|Any CPU.Build.0 = Debug|Any CPU
		{76DD1B00-3D21-4624-81A7-48322B52BFC0}.Release|Any CPU.ActiveCfg = Release|Any CPU
		{76DD1B00-3D21-4624-81A7-48322B52BFC0}.Release|Any CPU.Build.0 = Release|Any CPU
		{8882DF9E-4737-4D30-A83E-1A1AA7DB98B8}.Debug|Any CPU.ActiveCfg = Debug|Any CPU
		{8882DF9E-4737-4D30-A83E-1A1AA7DB98B8}.Debug|Any CPU.Build.0 = Debug|Any CPU
		{8882DF9E-4737-4D30-A83E-1A1AA7DB98B8}.Release|Any CPU.ActiveCfg = Release|Any CPU
		{8882DF9E-4737-4D30-A83E-1A1AA7DB98B8}.Release|Any CPU.Build.0 = Release|Any CPU
		{895219CA-7950-46C8-85E0-F476E6D5014B}.Debug|Any CPU.ActiveCfg = Debug|Any CPU
		{895219CA-7950-46C8-85E0-F476E6D5014B}.Debug|Any CPU.Build.0 = Debug|Any CPU
		{895219CA-7950-46C8-85E0-F476E6D5014B}.Release|Any CPU.ActiveCfg = Release|Any CPU
		{895219CA-7950-46C8-85E0-F476E6D5014B}.Release|Any CPU.Build.0 = Release|Any CPU
	EndGlobalSection
	GlobalSection(SolutionProperties) = preSolution
		HideSolutionNode = FALSE
	EndGlobalSection
	GlobalSection(ExtensibilityGlobals) = postSolution
		SolutionGuid = {3FE964A4-6016-4A17-9C97-35CF064C6562}
	EndGlobalSection
EndGlobal
